// !$*UTF8*$!
{
	archiveVersion = 1;
	classes = {
	};
	objectVersion = 56;
	objects = {

/* Begin PBXBuildFile section */
		9F2FC19C2C7C52BA00352336 /* LoginViewController.swift in Sources */ = {isa = PBXBuildFile; fileRef = 9F2FC19B2C7C52BA00352336 /* LoginViewController.swift */; };
		9F2FC19E2C7C541B00352336 /* RegisterViewController.swift in Sources */ = {isa = PBXBuildFile; fileRef = 9F2FC19D2C7C541B00352336 /* RegisterViewController.swift */; };
		9F2FC1A02C7C572F00352336 /* GoogleService-Info.plist in Resources */ = {isa = PBXBuildFile; fileRef = 9F2FC19F2C7C572F00352336 /* GoogleService-Info.plist */; };
		9F2FC1A32C7C59F900352336 /* FirebaseAnalytics in Frameworks */ = {isa = PBXBuildFile; productRef = 9F2FC1A22C7C59F900352336 /* FirebaseAnalytics */; };
		9F2FC1A52C7C59F900352336 /* FirebaseAnalyticsOnDeviceConversion in Frameworks */ = {isa = PBXBuildFile; productRef = 9F2FC1A42C7C59F900352336 /* FirebaseAnalyticsOnDeviceConversion */; };
		9F2FC1A72C7C59F900352336 /* FirebaseAnalyticsWithoutAdIdSupport in Frameworks */ = {isa = PBXBuildFile; productRef = 9F2FC1A62C7C59F900352336 /* FirebaseAnalyticsWithoutAdIdSupport */; };
		9F2FC1A92C7C59F900352336 /* FirebaseAppCheck in Frameworks */ = {isa = PBXBuildFile; productRef = 9F2FC1A82C7C59F900352336 /* FirebaseAppCheck */; };
		9F2FC1AB2C7C59F900352336 /* FirebaseAppDistribution-Beta in Frameworks */ = {isa = PBXBuildFile; productRef = 9F2FC1AA2C7C59F900352336 /* FirebaseAppDistribution-Beta */; };
		9F2FC1AD2C7C59F900352336 /* FirebaseAuth in Frameworks */ = {isa = PBXBuildFile; productRef = 9F2FC1AC2C7C59F900352336 /* FirebaseAuth */; };
		9F2FC1AF2C7C59F900352336 /* FirebaseAuthCombine-Community in Frameworks */ = {isa = PBXBuildFile; productRef = 9F2FC1AE2C7C59F900352336 /* FirebaseAuthCombine-Community */; };
		9F2FC1B12C7C59F900352336 /* FirebaseCrashlytics in Frameworks */ = {isa = PBXBuildFile; productRef = 9F2FC1B02C7C59F900352336 /* FirebaseCrashlytics */; };
		9F2FC1B32C7C59F900352336 /* FirebaseDatabase in Frameworks */ = {isa = PBXBuildFile; productRef = 9F2FC1B22C7C59F900352336 /* FirebaseDatabase */; };
		9F2FC1B52C7C59F900352336 /* FirebaseDynamicLinks in Frameworks */ = {isa = PBXBuildFile; productRef = 9F2FC1B42C7C59F900352336 /* FirebaseDynamicLinks */; };
		9F2FC1B72C7C59F900352336 /* FirebaseFirestore in Frameworks */ = {isa = PBXBuildFile; productRef = 9F2FC1B62C7C59F900352336 /* FirebaseFirestore */; };
		9F2FC1B92C7C59F900352336 /* FirebaseFirestoreCombine-Community in Frameworks */ = {isa = PBXBuildFile; productRef = 9F2FC1B82C7C59F900352336 /* FirebaseFirestoreCombine-Community */; };
		9F2FC1BB2C7C59F900352336 /* FirebaseFunctions in Frameworks */ = {isa = PBXBuildFile; productRef = 9F2FC1BA2C7C59F900352336 /* FirebaseFunctions */; };
		9F2FC1BD2C7C59F900352336 /* FirebaseFunctionsCombine-Community in Frameworks */ = {isa = PBXBuildFile; productRef = 9F2FC1BC2C7C59F900352336 /* FirebaseFunctionsCombine-Community */; };
		9F2FC1BF2C7C59F900352336 /* FirebaseInAppMessaging-Beta in Frameworks */ = {isa = PBXBuildFile; productRef = 9F2FC1BE2C7C59F900352336 /* FirebaseInAppMessaging-Beta */; };
		9F2FC1C12C7C59F900352336 /* FirebaseInstallations in Frameworks */ = {isa = PBXBuildFile; productRef = 9F2FC1C02C7C59F900352336 /* FirebaseInstallations */; };
		9F2FC1C32C7C59F900352336 /* FirebaseMLModelDownloader in Frameworks */ = {isa = PBXBuildFile; productRef = 9F2FC1C22C7C59F900352336 /* FirebaseMLModelDownloader */; };
		9F2FC1C52C7C59F900352336 /* FirebaseMessaging in Frameworks */ = {isa = PBXBuildFile; productRef = 9F2FC1C42C7C59F900352336 /* FirebaseMessaging */; };
		9F2FC1C72C7C59F900352336 /* FirebasePerformance in Frameworks */ = {isa = PBXBuildFile; productRef = 9F2FC1C62C7C59F900352336 /* FirebasePerformance */; };
		9F2FC1C92C7C59F900352336 /* FirebaseRemoteConfig in Frameworks */ = {isa = PBXBuildFile; productRef = 9F2FC1C82C7C59F900352336 /* FirebaseRemoteConfig */; };
		9F2FC1CB2C7C59F900352336 /* FirebaseStorage in Frameworks */ = {isa = PBXBuildFile; productRef = 9F2FC1CA2C7C59F900352336 /* FirebaseStorage */; };
		9F2FC1CD2C7C59F900352336 /* FirebaseStorageCombine-Community in Frameworks */ = {isa = PBXBuildFile; productRef = 9F2FC1CC2C7C59F900352336 /* FirebaseStorageCombine-Community */; };
		9F2FC1CF2C7C59F900352336 /* FirebaseVertexAI-Preview in Frameworks */ = {isa = PBXBuildFile; productRef = 9F2FC1CE2C7C59F900352336 /* FirebaseVertexAI-Preview */; };
		9F345C512C9EA32D0089D5F6 /* CartController.swift in Sources */ = {isa = PBXBuildFile; fileRef = 9F345C502C9EA32D0089D5F6 /* CartController.swift */; };
		9F345C532C9EA3740089D5F6 /* AccountController.swift in Sources */ = {isa = PBXBuildFile; fileRef = 9F345C522C9EA3740089D5F6 /* AccountController.swift */; };
		9F345C552C9EA3B90089D5F6 /* HistoryController.swift in Sources */ = {isa = PBXBuildFile; fileRef = 9F345C542C9EA3B90089D5F6 /* HistoryController.swift */; };
		9F345C592C9EA6EA0089D5F6 /* TabController.swift in Sources */ = {isa = PBXBuildFile; fileRef = 9F345C582C9EA6EA0089D5F6 /* TabController.swift */; };
		9F51A1952C98512700FEAA3F /* TourModel.swift in Sources */ = {isa = PBXBuildFile; fileRef = 9F51A1942C98512700FEAA3F /* TourModel.swift */; };
		9F51A19D2C98761100FEAA3F /* TourCollectionViewCell.swift in Sources */ = {isa = PBXBuildFile; fileRef = 9F51A19C2C98761100FEAA3F /* TourCollectionViewCell.swift */; };
		9F6AFA9E2CA11E18007F2D6A /* UpdateInfoViewController.swift in Sources */ = {isa = PBXBuildFile; fileRef = 9F6AFA9D2CA11E18007F2D6A /* UpdateInfoViewController.swift */; };
		9F6AFAA02CA2764D007F2D6A /* TourDetailViewController.swift in Sources */ = {isa = PBXBuildFile; fileRef = 9F6AFA9F2CA2764D007F2D6A /* TourDetailViewController.swift */; };
		9F790C312C79F65500FFE335 /* AppDelegate.swift in Sources */ = {isa = PBXBuildFile; fileRef = 9F790C302C79F65500FFE335 /* AppDelegate.swift */; };
		9F790C332C79F65500FFE335 /* SceneDelegate.swift in Sources */ = {isa = PBXBuildFile; fileRef = 9F790C322C79F65500FFE335 /* SceneDelegate.swift */; };
		9F790C352C79F65500FFE335 /* ViewController.swift in Sources */ = {isa = PBXBuildFile; fileRef = 9F790C342C79F65500FFE335 /* ViewController.swift */; };
		9F790C382C79F65500FFE335 /* Base in Resources */ = {isa = PBXBuildFile; fileRef = 9F790C372C79F65500FFE335 /* Base */; };
		9F790C3A2C79F65600FFE335 /* Assets.xcassets in Resources */ = {isa = PBXBuildFile; fileRef = 9F790C392C79F65600FFE335 /* Assets.xcassets */; };
		9F790C3D2C79F65600FFE335 /* Base in Resources */ = {isa = PBXBuildFile; fileRef = 9F790C3C2C79F65600FFE335 /* Base */; };
		9F790C482C79F65700FFE335 /* BookTourTests.swift in Sources */ = {isa = PBXBuildFile; fileRef = 9F790C472C79F65700FFE335 /* BookTourTests.swift */; };
		9F790C522C79F65700FFE335 /* BookTourUITests.swift in Sources */ = {isa = PBXBuildFile; fileRef = 9F790C512C79F65700FFE335 /* BookTourUITests.swift */; };
		9F790C542C79F65700FFE335 /* BookTourUITestsLaunchTests.swift in Sources */ = {isa = PBXBuildFile; fileRef = 9F790C532C79F65700FFE335 /* BookTourUITestsLaunchTests.swift */; };
		9FB9954B2CA50F1A00E0A29C /* CartCell.swift in Sources */ = {isa = PBXBuildFile; fileRef = 9FB9954A2CA50F1A00E0A29C /* CartCell.swift */; };
		9FC17E482C9739EC00CCD5A9 /* CircleCollectionViewCell.swift in Sources */ = {isa = PBXBuildFile; fileRef = 9FC17E472C9739EC00CCD5A9 /* CircleCollectionViewCell.swift */; };
/* End PBXBuildFile section */

/* Begin PBXContainerItemProxy section */
		9F790C442C79F65700FFE335 /* PBXContainerItemProxy */ = {
			isa = PBXContainerItemProxy;
			containerPortal = 9F790C252C79F65500FFE335 /* Project object */;
			proxyType = 1;
			remoteGlobalIDString = 9F790C2C2C79F65500FFE335;
			remoteInfo = BookTour;
		};
		9F790C4E2C79F65700FFE335 /* PBXContainerItemProxy */ = {
			isa = PBXContainerItemProxy;
			containerPortal = 9F790C252C79F65500FFE335 /* Project object */;
			proxyType = 1;
			remoteGlobalIDString = 9F790C2C2C79F65500FFE335;
			remoteInfo = BookTour;
		};
/* End PBXContainerItemProxy section */

/* Begin PBXFileReference section */
		9F2FC19B2C7C52BA00352336 /* LoginViewController.swift */ = {isa = PBXFileReference; lastKnownFileType = sourcecode.swift; path = LoginViewController.swift; sourceTree = "<group>"; };
		9F2FC19D2C7C541B00352336 /* RegisterViewController.swift */ = {isa = PBXFileReference; lastKnownFileType = sourcecode.swift; path = RegisterViewController.swift; sourceTree = "<group>"; };
		9F2FC19F2C7C572F00352336 /* GoogleService-Info.plist */ = {isa = PBXFileReference; fileEncoding = 4; lastKnownFileType = text.plist.xml; path = "GoogleService-Info.plist"; sourceTree = "<group>"; };
		9F345C502C9EA32D0089D5F6 /* CartController.swift */ = {isa = PBXFileReference; lastKnownFileType = sourcecode.swift; path = CartController.swift; sourceTree = "<group>"; };
		9F345C522C9EA3740089D5F6 /* AccountController.swift */ = {isa = PBXFileReference; lastKnownFileType = sourcecode.swift; path = AccountController.swift; sourceTree = "<group>"; };
		9F345C542C9EA3B90089D5F6 /* HistoryController.swift */ = {isa = PBXFileReference; lastKnownFileType = sourcecode.swift; path = HistoryController.swift; sourceTree = "<group>"; };
		9F345C582C9EA6EA0089D5F6 /* TabController.swift */ = {isa = PBXFileReference; lastKnownFileType = sourcecode.swift; path = TabController.swift; sourceTree = "<group>"; };
		9F51A1942C98512700FEAA3F /* TourModel.swift */ = {isa = PBXFileReference; lastKnownFileType = sourcecode.swift; path = TourModel.swift; sourceTree = "<group>"; };
		9F51A19C2C98761100FEAA3F /* TourCollectionViewCell.swift */ = {isa = PBXFileReference; lastKnownFileType = sourcecode.swift; path = TourCollectionViewCell.swift; sourceTree = "<group>"; };
		9F6AFA9D2CA11E18007F2D6A /* UpdateInfoViewController.swift */ = {isa = PBXFileReference; lastKnownFileType = sourcecode.swift; path = UpdateInfoViewController.swift; sourceTree = "<group>"; };
		9F6AFA9F2CA2764D007F2D6A /* TourDetailViewController.swift */ = {isa = PBXFileReference; lastKnownFileType = sourcecode.swift; path = TourDetailViewController.swift; sourceTree = "<group>"; };
		9F790C2D2C79F65500FFE335 /* BookTour.app */ = {isa = PBXFileReference; explicitFileType = wrapper.application; includeInIndex = 0; path = BookTour.app; sourceTree = BUILT_PRODUCTS_DIR; };
		9F790C302C79F65500FFE335 /* AppDelegate.swift */ = {isa = PBXFileReference; lastKnownFileType = sourcecode.swift; path = AppDelegate.swift; sourceTree = "<group>"; };
		9F790C322C79F65500FFE335 /* SceneDelegate.swift */ = {isa = PBXFileReference; lastKnownFileType = sourcecode.swift; path = SceneDelegate.swift; sourceTree = "<group>"; };
		9F790C342C79F65500FFE335 /* ViewController.swift */ = {isa = PBXFileReference; lastKnownFileType = sourcecode.swift; path = ViewController.swift; sourceTree = "<group>"; };
		9F790C372C79F65500FFE335 /* Base */ = {isa = PBXFileReference; lastKnownFileType = file.storyboard; name = Base; path = Base.lproj/Main.storyboard; sourceTree = "<group>"; };
		9F790C392C79F65600FFE335 /* Assets.xcassets */ = {isa = PBXFileReference; lastKnownFileType = folder.assetcatalog; path = Assets.xcassets; sourceTree = "<group>"; };
		9F790C3C2C79F65600FFE335 /* Base */ = {isa = PBXFileReference; lastKnownFileType = file.storyboard; name = Base; path = Base.lproj/LaunchScreen.storyboard; sourceTree = "<group>"; };
		9F790C3E2C79F65600FFE335 /* Info.plist */ = {isa = PBXFileReference; lastKnownFileType = text.plist.xml; path = Info.plist; sourceTree = "<group>"; };
		9F790C432C79F65700FFE335 /* BookTourTests.xctest */ = {isa = PBXFileReference; explicitFileType = wrapper.cfbundle; includeInIndex = 0; path = BookTourTests.xctest; sourceTree = BUILT_PRODUCTS_DIR; };
		9F790C472C79F65700FFE335 /* BookTourTests.swift */ = {isa = PBXFileReference; lastKnownFileType = sourcecode.swift; path = BookTourTests.swift; sourceTree = "<group>"; };
		9F790C4D2C79F65700FFE335 /* BookTourUITests.xctest */ = {isa = PBXFileReference; explicitFileType = wrapper.cfbundle; includeInIndex = 0; path = BookTourUITests.xctest; sourceTree = BUILT_PRODUCTS_DIR; };
		9F790C512C79F65700FFE335 /* BookTourUITests.swift */ = {isa = PBXFileReference; lastKnownFileType = sourcecode.swift; path = BookTourUITests.swift; sourceTree = "<group>"; };
		9F790C532C79F65700FFE335 /* BookTourUITestsLaunchTests.swift */ = {isa = PBXFileReference; lastKnownFileType = sourcecode.swift; path = BookTourUITestsLaunchTests.swift; sourceTree = "<group>"; };
		9FB9954A2CA50F1A00E0A29C /* CartCell.swift */ = {isa = PBXFileReference; lastKnownFileType = sourcecode.swift; path = CartCell.swift; sourceTree = "<group>"; };
		9FC17E472C9739EC00CCD5A9 /* CircleCollectionViewCell.swift */ = {isa = PBXFileReference; lastKnownFileType = sourcecode.swift; path = CircleCollectionViewCell.swift; sourceTree = "<group>"; };
/* End PBXFileReference section */

/* Begin PBXFrameworksBuildPhase section */
		9F790C2A2C79F65500FFE335 /* Frameworks */ = {
			isa = PBXFrameworksBuildPhase;
			buildActionMask = 2147483647;
			files = (
				9F2FC1CD2C7C59F900352336 /* FirebaseStorageCombine-Community in Frameworks */,
				9F2FC1C52C7C59F900352336 /* FirebaseMessaging in Frameworks */,
				9F2FC1C32C7C59F900352336 /* FirebaseMLModelDownloader in Frameworks */,
				9F2FC1A92C7C59F900352336 /* FirebaseAppCheck in Frameworks */,
				9F2FC1AD2C7C59F900352336 /* FirebaseAuth in Frameworks */,
				9F2FC1A32C7C59F900352336 /* FirebaseAnalytics in Frameworks */,
				9F2FC1AB2C7C59F900352336 /* FirebaseAppDistribution-Beta in Frameworks */,
				9F2FC1A72C7C59F900352336 /* FirebaseAnalyticsWithoutAdIdSupport in Frameworks */,
				9F2FC1B12C7C59F900352336 /* FirebaseCrashlytics in Frameworks */,
				9F2FC1B32C7C59F900352336 /* FirebaseDatabase in Frameworks */,
				9F2FC1BD2C7C59F900352336 /* FirebaseFunctionsCombine-Community in Frameworks */,
				9F2FC1AF2C7C59F900352336 /* FirebaseAuthCombine-Community in Frameworks */,
				9F2FC1CB2C7C59F900352336 /* FirebaseStorage in Frameworks */,
				9F2FC1A52C7C59F900352336 /* FirebaseAnalyticsOnDeviceConversion in Frameworks */,
				9F2FC1BB2C7C59F900352336 /* FirebaseFunctions in Frameworks */,
				9F2FC1C12C7C59F900352336 /* FirebaseInstallations in Frameworks */,
				9F2FC1C72C7C59F900352336 /* FirebasePerformance in Frameworks */,
				9F2FC1B92C7C59F900352336 /* FirebaseFirestoreCombine-Community in Frameworks */,
				9F2FC1B72C7C59F900352336 /* FirebaseFirestore in Frameworks */,
				9F2FC1B52C7C59F900352336 /* FirebaseDynamicLinks in Frameworks */,
				9F2FC1BF2C7C59F900352336 /* FirebaseInAppMessaging-Beta in Frameworks */,
				9F2FC1CF2C7C59F900352336 /* FirebaseVertexAI-Preview in Frameworks */,
				9F2FC1C92C7C59F900352336 /* FirebaseRemoteConfig in Frameworks */,
			);
			runOnlyForDeploymentPostprocessing = 0;
		};
		9F790C402C79F65700FFE335 /* Frameworks */ = {
			isa = PBXFrameworksBuildPhase;
			buildActionMask = 2147483647;
			files = (
			);
			runOnlyForDeploymentPostprocessing = 0;
		};
		9F790C4A2C79F65700FFE335 /* Frameworks */ = {
			isa = PBXFrameworksBuildPhase;
			buildActionMask = 2147483647;
			files = (
			);
			runOnlyForDeploymentPostprocessing = 0;
		};
/* End PBXFrameworksBuildPhase section */

/* Begin PBXGroup section */
		9F790C242C79F65500FFE335 = {
			isa = PBXGroup;
			children = (
				9F790C2F2C79F65500FFE335 /* BookTour */,
				9F790C462C79F65700FFE335 /* BookTourTests */,
				9F790C502C79F65700FFE335 /* BookTourUITests */,
				9F790C2E2C79F65500FFE335 /* Products */,
			);
			sourceTree = "<group>";
		};
		9F790C2E2C79F65500FFE335 /* Products */ = {
			isa = PBXGroup;
			children = (
				9F790C2D2C79F65500FFE335 /* BookTour.app */,
				9F790C432C79F65700FFE335 /* BookTourTests.xctest */,
				9F790C4D2C79F65700FFE335 /* BookTourUITests.xctest */,
			);
			name = Products;
			sourceTree = "<group>";
		};
		9F790C2F2C79F65500FFE335 /* BookTour */ = {
			isa = PBXGroup;
			children = (
				9F790C302C79F65500FFE335 /* AppDelegate.swift */,
				9F790C322C79F65500FFE335 /* SceneDelegate.swift */,
				9F790C342C79F65500FFE335 /* ViewController.swift */,
				9F790C362C79F65500FFE335 /* Main.storyboard */,
				9F2FC19D2C7C541B00352336 /* RegisterViewController.swift */,
				9F2FC19B2C7C52BA00352336 /* LoginViewController.swift */,
				9F790C392C79F65600FFE335 /* Assets.xcassets */,
				9F790C3B2C79F65600FFE335 /* LaunchScreen.storyboard */,
				9F790C3E2C79F65600FFE335 /* Info.plist */,
				9F2FC19F2C7C572F00352336 /* GoogleService-Info.plist */,
				9FC17E472C9739EC00CCD5A9 /* CircleCollectionViewCell.swift */,
				9F51A1942C98512700FEAA3F /* TourModel.swift */,
				9F51A19C2C98761100FEAA3F /* TourCollectionViewCell.swift */,
				9F345C502C9EA32D0089D5F6 /* CartController.swift */,
				9F345C522C9EA3740089D5F6 /* AccountController.swift */,
				9F345C542C9EA3B90089D5F6 /* HistoryController.swift */,
				9F345C582C9EA6EA0089D5F6 /* TabController.swift */,
				9F6AFA9D2CA11E18007F2D6A /* UpdateInfoViewController.swift */,
				9F6AFA9F2CA2764D007F2D6A /* TourDetailViewController.swift */,
				9FB9954A2CA50F1A00E0A29C /* CartCell.swift */,
			);
			path = BookTour;
			sourceTree = "<group>";
		};
		9F790C462C79F65700FFE335 /* BookTourTests */ = {
			isa = PBXGroup;
			children = (
				9F790C472C79F65700FFE335 /* BookTourTests.swift */,
			);
			path = BookTourTests;
			sourceTree = "<group>";
		};
		9F790C502C79F65700FFE335 /* BookTourUITests */ = {
			isa = PBXGroup;
			children = (
				9F790C512C79F65700FFE335 /* BookTourUITests.swift */,
				9F790C532C79F65700FFE335 /* BookTourUITestsLaunchTests.swift */,
			);
			path = BookTourUITests;
			sourceTree = "<group>";
		};
/* End PBXGroup section */

/* Begin PBXNativeTarget section */
		9F790C2C2C79F65500FFE335 /* BookTour */ = {
			isa = PBXNativeTarget;
			buildConfigurationList = 9F790C572C79F65700FFE335 /* Build configuration list for PBXNativeTarget "BookTour" */;
			buildPhases = (
				9F790C292C79F65500FFE335 /* Sources */,
				9F790C2A2C79F65500FFE335 /* Frameworks */,
				9F790C2B2C79F65500FFE335 /* Resources */,
			);
			buildRules = (
			);
			dependencies = (
			);
			name = BookTour;
			packageProductDependencies = (
				9F2FC1A22C7C59F900352336 /* FirebaseAnalytics */,
				9F2FC1A42C7C59F900352336 /* FirebaseAnalyticsOnDeviceConversion */,
				9F2FC1A62C7C59F900352336 /* FirebaseAnalyticsWithoutAdIdSupport */,
				9F2FC1A82C7C59F900352336 /* FirebaseAppCheck */,
				9F2FC1AA2C7C59F900352336 /* FirebaseAppDistribution-Beta */,
				9F2FC1AC2C7C59F900352336 /* FirebaseAuth */,
				9F2FC1AE2C7C59F900352336 /* FirebaseAuthCombine-Community */,
				9F2FC1B02C7C59F900352336 /* FirebaseCrashlytics */,
				9F2FC1B22C7C59F900352336 /* FirebaseDatabase */,
				9F2FC1B42C7C59F900352336 /* FirebaseDynamicLinks */,
				9F2FC1B62C7C59F900352336 /* FirebaseFirestore */,
				9F2FC1B82C7C59F900352336 /* FirebaseFirestoreCombine-Community */,
				9F2FC1BA2C7C59F900352336 /* FirebaseFunctions */,
				9F2FC1BC2C7C59F900352336 /* FirebaseFunctionsCombine-Community */,
				9F2FC1BE2C7C59F900352336 /* FirebaseInAppMessaging-Beta */,
				9F2FC1C02C7C59F900352336 /* FirebaseInstallations */,
				9F2FC1C22C7C59F900352336 /* FirebaseMLModelDownloader */,
				9F2FC1C42C7C59F900352336 /* FirebaseMessaging */,
				9F2FC1C62C7C59F900352336 /* FirebasePerformance */,
				9F2FC1C82C7C59F900352336 /* FirebaseRemoteConfig */,
				9F2FC1CA2C7C59F900352336 /* FirebaseStorage */,
				9F2FC1CC2C7C59F900352336 /* FirebaseStorageCombine-Community */,
				9F2FC1CE2C7C59F900352336 /* FirebaseVertexAI-Preview */,
			);
			productName = BookTour;
			productReference = 9F790C2D2C79F65500FFE335 /* BookTour.app */;
			productType = "com.apple.product-type.application";
		};
		9F790C422C79F65700FFE335 /* BookTourTests */ = {
			isa = PBXNativeTarget;
			buildConfigurationList = 9F790C5A2C79F65700FFE335 /* Build configuration list for PBXNativeTarget "BookTourTests" */;
			buildPhases = (
				9F790C3F2C79F65700FFE335 /* Sources */,
				9F790C402C79F65700FFE335 /* Frameworks */,
				9F790C412C79F65700FFE335 /* Resources */,
			);
			buildRules = (
			);
			dependencies = (
				9F790C452C79F65700FFE335 /* PBXTargetDependency */,
			);
			name = BookTourTests;
			productName = BookTourTests;
			productReference = 9F790C432C79F65700FFE335 /* BookTourTests.xctest */;
			productType = "com.apple.product-type.bundle.unit-test";
		};
		9F790C4C2C79F65700FFE335 /* BookTourUITests */ = {
			isa = PBXNativeTarget;
			buildConfigurationList = 9F790C5D2C79F65700FFE335 /* Build configuration list for PBXNativeTarget "BookTourUITests" */;
			buildPhases = (
				9F790C492C79F65700FFE335 /* Sources */,
				9F790C4A2C79F65700FFE335 /* Frameworks */,
				9F790C4B2C79F65700FFE335 /* Resources */,
			);
			buildRules = (
			);
			dependencies = (
				9F790C4F2C79F65700FFE335 /* PBXTargetDependency */,
			);
			name = BookTourUITests;
			productName = BookTourUITests;
			productReference = 9F790C4D2C79F65700FFE335 /* BookTourUITests.xctest */;
			productType = "com.apple.product-type.bundle.ui-testing";
		};
/* End PBXNativeTarget section */

/* Begin PBXProject section */
		9F790C252C79F65500FFE335 /* Project object */ = {
			isa = PBXProject;
			attributes = {
				BuildIndependentTargetsInParallel = 1;
				LastSwiftUpdateCheck = 1540;
				LastUpgradeCheck = 1540;
				TargetAttributes = {
					9F790C2C2C79F65500FFE335 = {
						CreatedOnToolsVersion = 15.4;
					};
					9F790C422C79F65700FFE335 = {
						CreatedOnToolsVersion = 15.4;
						TestTargetID = 9F790C2C2C79F65500FFE335;
					};
					9F790C4C2C79F65700FFE335 = {
						CreatedOnToolsVersion = 15.4;
						TestTargetID = 9F790C2C2C79F65500FFE335;
					};
				};
			};
			buildConfigurationList = 9F790C282C79F65500FFE335 /* Build configuration list for PBXProject "BookTour" */;
			compatibilityVersion = "Xcode 14.0";
			developmentRegion = en;
			hasScannedForEncodings = 0;
			knownRegions = (
				en,
				Base,
			);
			mainGroup = 9F790C242C79F65500FFE335;
			packageReferences = (
				9F2FC1A12C7C59F900352336 /* XCRemoteSwiftPackageReference "firebase-ios-sdk" */,
			);
			productRefGroup = 9F790C2E2C79F65500FFE335 /* Products */;
			projectDirPath = "";
			projectRoot = "";
			targets = (
				9F790C2C2C79F65500FFE335 /* BookTour */,
				9F790C422C79F65700FFE335 /* BookTourTests */,
				9F790C4C2C79F65700FFE335 /* BookTourUITests */,
			);
		};
/* End PBXProject section */

/* Begin PBXResourcesBuildPhase section */
		9F790C2B2C79F65500FFE335 /* Resources */ = {
			isa = PBXResourcesBuildPhase;
			buildActionMask = 2147483647;
			files = (
				9F790C3A2C79F65600FFE335 /* Assets.xcassets in Resources */,
				9F790C3D2C79F65600FFE335 /* Base in Resources */,
				9F790C382C79F65500FFE335 /* Base in Resources */,
				9F2FC1A02C7C572F00352336 /* GoogleService-Info.plist in Resources */,
			);
			runOnlyForDeploymentPostprocessing = 0;
		};
		9F790C412C79F65700FFE335 /* Resources */ = {
			isa = PBXResourcesBuildPhase;
			buildActionMask = 2147483647;
			files = (
			);
			runOnlyForDeploymentPostprocessing = 0;
		};
		9F790C4B2C79F65700FFE335 /* Resources */ = {
			isa = PBXResourcesBuildPhase;
			buildActionMask = 2147483647;
			files = (
			);
			runOnlyForDeploymentPostprocessing = 0;
		};
/* End PBXResourcesBuildPhase section */

/* Begin PBXSourcesBuildPhase section */
		9F790C292C79F65500FFE335 /* Sources */ = {
			isa = PBXSourcesBuildPhase;
			buildActionMask = 2147483647;
			files = (
				9F51A19D2C98761100FEAA3F /* TourCollectionViewCell.swift in Sources */,
				9FB9954B2CA50F1A00E0A29C /* CartCell.swift in Sources */,
				9F345C592C9EA6EA0089D5F6 /* TabController.swift in Sources */,
				9F345C532C9EA3740089D5F6 /* AccountController.swift in Sources */,
				9F2FC19C2C7C52BA00352336 /* LoginViewController.swift in Sources */,
				9F2FC19E2C7C541B00352336 /* RegisterViewController.swift in Sources */,
				9FC17E482C9739EC00CCD5A9 /* CircleCollectionViewCell.swift in Sources */,
				9F790C352C79F65500FFE335 /* ViewController.swift in Sources */,
				9F51A1952C98512700FEAA3F /* TourModel.swift in Sources */,
				9F790C312C79F65500FFE335 /* AppDelegate.swift in Sources */,
				9F345C552C9EA3B90089D5F6 /* HistoryController.swift in Sources */,
				9F345C512C9EA32D0089D5F6 /* CartController.swift in Sources */,
				9F6AFAA02CA2764D007F2D6A /* TourDetailViewController.swift in Sources */,
				9F6AFA9E2CA11E18007F2D6A /* UpdateInfoViewController.swift in Sources */,
				9F790C332C79F65500FFE335 /* SceneDelegate.swift in Sources */,
			);
			runOnlyForDeploymentPostprocessing = 0;
		};
		9F790C3F2C79F65700FFE335 /* Sources */ = {
			isa = PBXSourcesBuildPhase;
			buildActionMask = 2147483647;
			files = (
				9F790C482C79F65700FFE335 /* BookTourTests.swift in Sources */,
			);
			runOnlyForDeploymentPostprocessing = 0;
		};
		9F790C492C79F65700FFE335 /* Sources */ = {
			isa = PBXSourcesBuildPhase;
			buildActionMask = 2147483647;
			files = (
				9F790C542C79F65700FFE335 /* BookTourUITestsLaunchTests.swift in Sources */,
				9F790C522C79F65700FFE335 /* BookTourUITests.swift in Sources */,
			);
			runOnlyForDeploymentPostprocessing = 0;
		};
/* End PBXSourcesBuildPhase section */

/* Begin PBXTargetDependency section */
		9F790C452C79F65700FFE335 /* PBXTargetDependency */ = {
			isa = PBXTargetDependency;
			target = 9F790C2C2C79F65500FFE335 /* BookTour */;
			targetProxy = 9F790C442C79F65700FFE335 /* PBXContainerItemProxy */;
		};
		9F790C4F2C79F65700FFE335 /* PBXTargetDependency */ = {
			isa = PBXTargetDependency;
			target = 9F790C2C2C79F65500FFE335 /* BookTour */;
			targetProxy = 9F790C4E2C79F65700FFE335 /* PBXContainerItemProxy */;
		};
/* End PBXTargetDependency section */

/* Begin PBXVariantGroup section */
		9F790C362C79F65500FFE335 /* Main.storyboard */ = {
			isa = PBXVariantGroup;
			children = (
				9F790C372C79F65500FFE335 /* Base */,
			);
			name = Main.storyboard;
			sourceTree = "<group>";
		};
		9F790C3B2C79F65600FFE335 /* LaunchScreen.storyboard */ = {
			isa = PBXVariantGroup;
			children = (
				9F790C3C2C79F65600FFE335 /* Base */,
			);
			name = LaunchScreen.storyboard;
			sourceTree = "<group>";
		};
/* End PBXVariantGroup section */

/* Begin XCBuildConfiguration section */
		9F790C552C79F65700FFE335 /* Debug */ = {
			isa = XCBuildConfiguration;
			buildSettings = {
				ALWAYS_SEARCH_USER_PATHS = NO;
				ASSETCATALOG_COMPILER_GENERATE_SWIFT_ASSET_SYMBOL_EXTENSIONS = YES;
				CLANG_ANALYZER_NONNULL = YES;
				CLANG_ANALYZER_NUMBER_OBJECT_CONVERSION = YES_AGGRESSIVE;
				CLANG_CXX_LANGUAGE_STANDARD = "gnu++20";
				CLANG_ENABLE_MODULES = YES;
				CLANG_ENABLE_OBJC_ARC = YES;
				CLANG_ENABLE_OBJC_WEAK = YES;
				CLANG_WARN_BLOCK_CAPTURE_AUTORELEASING = YES;
				CLANG_WARN_BOOL_CONVERSION = YES;
				CLANG_WARN_COMMA = YES;
				CLANG_WARN_CONSTANT_CONVERSION = YES;
				CLANG_WARN_DEPRECATED_OBJC_IMPLEMENTATIONS = YES;
				CLANG_WARN_DIRECT_OBJC_ISA_USAGE = YES_ERROR;
				CLANG_WARN_DOCUMENTATION_COMMENTS = YES;
				CLANG_WARN_EMPTY_BODY = YES;
				CLANG_WARN_ENUM_CONVERSION = YES;
				CLANG_WARN_INFINITE_RECURSION = YES;
				CLANG_WARN_INT_CONVERSION = YES;
				CLANG_WARN_NON_LITERAL_NULL_CONVERSION = YES;
				CLANG_WARN_OBJC_IMPLICIT_RETAIN_SELF = YES;
				CLANG_WARN_OBJC_LITERAL_CONVERSION = YES;
				CLANG_WARN_OBJC_ROOT_CLASS = YES_ERROR;
				CLANG_WARN_QUOTED_INCLUDE_IN_FRAMEWORK_HEADER = YES;
				CLANG_WARN_RANGE_LOOP_ANALYSIS = YES;
				CLANG_WARN_STRICT_PROTOTYPES = YES;
				CLANG_WARN_SUSPICIOUS_MOVE = YES;
				CLANG_WARN_UNGUARDED_AVAILABILITY = YES_AGGRESSIVE;
				CLANG_WARN_UNREACHABLE_CODE = YES;
				CLANG_WARN__DUPLICATE_METHOD_MATCH = YES;
				COPY_PHASE_STRIP = NO;
				DEBUG_INFORMATION_FORMAT = dwarf;
				ENABLE_STRICT_OBJC_MSGSEND = YES;
				ENABLE_TESTABILITY = YES;
				ENABLE_USER_SCRIPT_SANDBOXING = YES;
				GCC_C_LANGUAGE_STANDARD = gnu17;
				GCC_DYNAMIC_NO_PIC = NO;
				GCC_NO_COMMON_BLOCKS = YES;
				GCC_OPTIMIZATION_LEVEL = 0;
				GCC_PREPROCESSOR_DEFINITIONS = (
					"DEBUG=1",
					"$(inherited)",
				);
				GCC_WARN_64_TO_32_BIT_CONVERSION = YES;
				GCC_WARN_ABOUT_RETURN_TYPE = YES_ERROR;
				GCC_WARN_UNDECLARED_SELECTOR = YES;
				GCC_WARN_UNINITIALIZED_AUTOS = YES_AGGRESSIVE;
				GCC_WARN_UNUSED_FUNCTION = YES;
				GCC_WARN_UNUSED_VARIABLE = YES;
				IPHONEOS_DEPLOYMENT_TARGET = 17.5;
				LOCALIZATION_PREFERS_STRING_CATALOGS = YES;
				MTL_ENABLE_DEBUG_INFO = INCLUDE_SOURCE;
				MTL_FAST_MATH = YES;
				ONLY_ACTIVE_ARCH = YES;
				SDKROOT = iphoneos;
				SWIFT_ACTIVE_COMPILATION_CONDITIONS = "DEBUG $(inherited)";
				SWIFT_OPTIMIZATION_LEVEL = "-Onone";
			};
			name = Debug;
		};
		9F790C562C79F65700FFE335 /* Release */ = {
			isa = XCBuildConfiguration;
			buildSettings = {
				ALWAYS_SEARCH_USER_PATHS = NO;
				ASSETCATALOG_COMPILER_GENERATE_SWIFT_ASSET_SYMBOL_EXTENSIONS = YES;
				CLANG_ANALYZER_NONNULL = YES;
				CLANG_ANALYZER_NUMBER_OBJECT_CONVERSION = YES_AGGRESSIVE;
				CLANG_CXX_LANGUAGE_STANDARD = "gnu++20";
				CLANG_ENABLE_MODULES = YES;
				CLANG_ENABLE_OBJC_ARC = YES;
				CLANG_ENABLE_OBJC_WEAK = YES;
				CLANG_WARN_BLOCK_CAPTURE_AUTORELEASING = YES;
				CLANG_WARN_BOOL_CONVERSION = YES;
				CLANG_WARN_COMMA = YES;
				CLANG_WARN_CONSTANT_CONVERSION = YES;
				CLANG_WARN_DEPRECATED_OBJC_IMPLEMENTATIONS = YES;
				CLANG_WARN_DIRECT_OBJC_ISA_USAGE = YES_ERROR;
				CLANG_WARN_DOCUMENTATION_COMMENTS = YES;
				CLANG_WARN_EMPTY_BODY = YES;
				CLANG_WARN_ENUM_CONVERSION = YES;
				CLANG_WARN_INFINITE_RECURSION = YES;
				CLANG_WARN_INT_CONVERSION = YES;
				CLANG_WARN_NON_LITERAL_NULL_CONVERSION = YES;
				CLANG_WARN_OBJC_IMPLICIT_RETAIN_SELF = YES;
				CLANG_WARN_OBJC_LITERAL_CONVERSION = YES;
				CLANG_WARN_OBJC_ROOT_CLASS = YES_ERROR;
				CLANG_WARN_QUOTED_INCLUDE_IN_FRAMEWORK_HEADER = YES;
				CLANG_WARN_RANGE_LOOP_ANALYSIS = YES;
				CLANG_WARN_STRICT_PROTOTYPES = YES;
				CLANG_WARN_SUSPICIOUS_MOVE = YES;
				CLANG_WARN_UNGUARDED_AVAILABILITY = YES_AGGRESSIVE;
				CLANG_WARN_UNREACHABLE_CODE = YES;
				CLANG_WARN__DUPLICATE_METHOD_MATCH = YES;
				COPY_PHASE_STRIP = NO;
				DEBUG_INFORMATION_FORMAT = "dwarf-with-dsym";
				ENABLE_NS_ASSERTIONS = NO;
				ENABLE_STRICT_OBJC_MSGSEND = YES;
				ENABLE_USER_SCRIPT_SANDBOXING = YES;
				GCC_C_LANGUAGE_STANDARD = gnu17;
				GCC_NO_COMMON_BLOCKS = YES;
				GCC_WARN_64_TO_32_BIT_CONVERSION = YES;
				GCC_WARN_ABOUT_RETURN_TYPE = YES_ERROR;
				GCC_WARN_UNDECLARED_SELECTOR = YES;
				GCC_WARN_UNINITIALIZED_AUTOS = YES_AGGRESSIVE;
				GCC_WARN_UNUSED_FUNCTION = YES;
				GCC_WARN_UNUSED_VARIABLE = YES;
				IPHONEOS_DEPLOYMENT_TARGET = 17.5;
				LOCALIZATION_PREFERS_STRING_CATALOGS = YES;
				MTL_ENABLE_DEBUG_INFO = NO;
				MTL_FAST_MATH = YES;
				SDKROOT = iphoneos;
				SWIFT_COMPILATION_MODE = wholemodule;
				VALIDATE_PRODUCT = YES;
			};
			name = Release;
		};
		9F790C582C79F65700FFE335 /* Debug */ = {
			isa = XCBuildConfiguration;
			buildSettings = {
				ASSETCATALOG_COMPILER_APPICON_NAME = AppIcon;
				ASSETCATALOG_COMPILER_GLOBAL_ACCENT_COLOR_NAME = AccentColor;
				CODE_SIGN_STYLE = Automatic;
				CURRENT_PROJECT_VERSION = 1;
				GENERATE_INFOPLIST_FILE = YES;
				INFOPLIST_FILE = BookTour/Info.plist;
				INFOPLIST_KEY_UIApplicationSupportsIndirectInputEvents = YES;
				INFOPLIST_KEY_UILaunchStoryboardName = LaunchScreen;
				INFOPLIST_KEY_UIMainStoryboardFile = Main;
				INFOPLIST_KEY_UISupportedInterfaceOrientations_iPad = "UIInterfaceOrientationPortrait UIInterfaceOrientationPortraitUpsideDown UIInterfaceOrientationLandscapeLeft UIInterfaceOrientationLandscapeRight";
				INFOPLIST_KEY_UISupportedInterfaceOrientations_iPhone = "UIInterfaceOrientationPortrait UIInterfaceOrientationLandscapeLeft UIInterfaceOrientationLandscapeRight";
				LD_RUNPATH_SEARCH_PATHS = (
					"$(inherited)",
					"@executable_path/Frameworks",
				);
				MARKETING_VERSION = 1.0;
				PRODUCT_BUNDLE_IDENTIFIER = cmd.BookTour;
				PRODUCT_NAME = "$(TARGET_NAME)";
				SWIFT_EMIT_LOC_STRINGS = YES;
				SWIFT_VERSION = 5.0;
				TARGETED_DEVICE_FAMILY = "1,2";
			};
			name = Debug;
		};
		9F790C592C79F65700FFE335 /* Release */ = {
			isa = XCBuildConfiguration;
			buildSettings = {
				ASSETCATALOG_COMPILER_APPICON_NAME = AppIcon;
				ASSETCATALOG_COMPILER_GLOBAL_ACCENT_COLOR_NAME = AccentColor;
				CODE_SIGN_STYLE = Automatic;
				CURRENT_PROJECT_VERSION = 1;
				GENERATE_INFOPLIST_FILE = YES;
				INFOPLIST_FILE = BookTour/Info.plist;
				INFOPLIST_KEY_UIApplicationSupportsIndirectInputEvents = YES;
				INFOPLIST_KEY_UILaunchStoryboardName = LaunchScreen;
				INFOPLIST_KEY_UIMainStoryboardFile = Main;
				INFOPLIST_KEY_UISupportedInterfaceOrientations_iPad = "UIInterfaceOrientationPortrait UIInterfaceOrientationPortraitUpsideDown UIInterfaceOrientationLandscapeLeft UIInterfaceOrientationLandscapeRight";
				INFOPLIST_KEY_UISupportedInterfaceOrientations_iPhone = "UIInterfaceOrientationPortrait UIInterfaceOrientationLandscapeLeft UIInterfaceOrientationLandscapeRight";
				LD_RUNPATH_SEARCH_PATHS = (
					"$(inherited)",
					"@executable_path/Frameworks",
				);
				MARKETING_VERSION = 1.0;
				PRODUCT_BUNDLE_IDENTIFIER = cmd.BookTour;
				PRODUCT_NAME = "$(TARGET_NAME)";
				SWIFT_EMIT_LOC_STRINGS = YES;
				SWIFT_VERSION = 5.0;
				TARGETED_DEVICE_FAMILY = "1,2";
			};
			name = Release;
		};
		9F790C5B2C79F65700FFE335 /* Debug */ = {
			isa = XCBuildConfiguration;
			buildSettings = {
				ALWAYS_EMBED_SWIFT_STANDARD_LIBRARIES = YES;
				BUNDLE_LOADER = "$(TEST_HOST)";
				CODE_SIGN_STYLE = Automatic;
				CURRENT_PROJECT_VERSION = 1;
				GENERATE_INFOPLIST_FILE = YES;
				IPHONEOS_DEPLOYMENT_TARGET = 17.5;
				MARKETING_VERSION = 1.0;
				PRODUCT_BUNDLE_IDENTIFIER = cmd.BookTourTests;
				PRODUCT_NAME = "$(TARGET_NAME)";
				SWIFT_EMIT_LOC_STRINGS = NO;
				SWIFT_VERSION = 5.0;
				TARGETED_DEVICE_FAMILY = "1,2";
				TEST_HOST = "$(BUILT_PRODUCTS_DIR)/BookTour.app/$(BUNDLE_EXECUTABLE_FOLDER_PATH)/BookTour";
			};
			name = Debug;
		};
		9F790C5C2C79F65700FFE335 /* Release */ = {
			isa = XCBuildConfiguration;
			buildSettings = {
				ALWAYS_EMBED_SWIFT_STANDARD_LIBRARIES = YES;
				BUNDLE_LOADER = "$(TEST_HOST)";
				CODE_SIGN_STYLE = Automatic;
				CURRENT_PROJECT_VERSION = 1;
				GENERATE_INFOPLIST_FILE = YES;
				IPHONEOS_DEPLOYMENT_TARGET = 17.5;
				MARKETING_VERSION = 1.0;
				PRODUCT_BUNDLE_IDENTIFIER = cmd.BookTourTests;
				PRODUCT_NAME = "$(TARGET_NAME)";
				SWIFT_EMIT_LOC_STRINGS = NO;
				SWIFT_VERSION = 5.0;
				TARGETED_DEVICE_FAMILY = "1,2";
				TEST_HOST = "$(BUILT_PRODUCTS_DIR)/BookTour.app/$(BUNDLE_EXECUTABLE_FOLDER_PATH)/BookTour";
			};
			name = Release;
		};
		9F790C5E2C79F65700FFE335 /* Debug */ = {
			isa = XCBuildConfiguration;
			buildSettings = {
				ALWAYS_EMBED_SWIFT_STANDARD_LIBRARIES = YES;
				CODE_SIGN_STYLE = Automatic;
				CURRENT_PROJECT_VERSION = 1;
				GENERATE_INFOPLIST_FILE = YES;
				MARKETING_VERSION = 1.0;
				PRODUCT_BUNDLE_IDENTIFIER = cmd.BookTourUITests;
				PRODUCT_NAME = "$(TARGET_NAME)";
				SWIFT_EMIT_LOC_STRINGS = NO;
				SWIFT_VERSION = 5.0;
				TARGETED_DEVICE_FAMILY = "1,2";
				TEST_TARGET_NAME = BookTour;
			};
			name = Debug;
		};
		9F790C5F2C79F65700FFE335 /* Release */ = {
			isa = XCBuildConfiguration;
			buildSettings = {
				ALWAYS_EMBED_SWIFT_STANDARD_LIBRARIES = YES;
				CODE_SIGN_STYLE = Automatic;
				CURRENT_PROJECT_VERSION = 1;
				GENERATE_INFOPLIST_FILE = YES;
				MARKETING_VERSION = 1.0;
				PRODUCT_BUNDLE_IDENTIFIER = cmd.BookTourUITests;
				PRODUCT_NAME = "$(TARGET_NAME)";
				SWIFT_EMIT_LOC_STRINGS = NO;
				SWIFT_VERSION = 5.0;
				TARGETED_DEVICE_FAMILY = "1,2";
				TEST_TARGET_NAME = BookTour;
			};
			name = Release;
		};
/* End XCBuildConfiguration section */

/* Begin XCConfigurationList section */
		9F790C282C79F65500FFE335 /* Build configuration list for PBXProject "BookTour" */ = {
			isa = XCConfigurationList;
			buildConfigurations = (
				9F790C552C79F65700FFE335 /* Debug */,
				9F790C562C79F65700FFE335 /* Release */,
			);
			defaultConfigurationIsVisible = 0;
			defaultConfigurationName = Release;
		};
		9F790C572C79F65700FFE335 /* Build configuration list for PBXNativeTarget "BookTour" */ = {
			isa = XCConfigurationList;
			buildConfigurations = (
				9F790C582C79F65700FFE335 /* Debug */,
				9F790C592C79F65700FFE335 /* Release */,
			);
			defaultConfigurationIsVisible = 0;
			defaultConfigurationName = Release;
		};
		9F790C5A2C79F65700FFE335 /* Build configuration list for PBXNativeTarget "BookTourTests" */ = {
			isa = XCConfigurationList;
			buildConfigurations = (
				9F790C5B2C79F65700FFE335 /* Debug */,
				9F790C5C2C79F65700FFE335 /* Release */,
			);
			defaultConfigurationIsVisible = 0;
			defaultConfigurationName = Release;
		};
		9F790C5D2C79F65700FFE335 /* Build configuration list for PBXNativeTarget "BookTourUITests" */ = {
			isa = XCConfigurationList;
			buildConfigurations = (
				9F790C5E2C79F65700FFE335 /* Debug */,
				9F790C5F2C79F65700FFE335 /* Release */,
			);
			defaultConfigurationIsVisible = 0;
			defaultConfigurationName = Release;
		};
/* End XCConfigurationList section */

/* Begin XCRemoteSwiftPackageReference section */
		9F2FC1A12C7C59F900352336 /* XCRemoteSwiftPackageReference "firebase-ios-sdk" */ = {
			isa = XCRemoteSwiftPackageReference;
			repositoryURL = "https://github.com/firebase/firebase-ios-sdk";
			requirement = {
				kind = upToNextMajorVersion;
				minimumVersion = 11.1.0;
			};
		};
/* End XCRemoteSwiftPackageReference section */

/* Begin XCSwiftPackageProductDependency section */
		9F2FC1A22C7C59F900352336 /* FirebaseAnalytics */ = {
			isa = XCSwiftPackageProductDependency;
			package = 9F2FC1A12C7C59F900352336 /* XCRemoteSwiftPackageReference "firebase-ios-sdk" */;
			productName = FirebaseAnalytics;
		};
		9F2FC1A42C7C59F900352336 /* FirebaseAnalyticsOnDeviceConversion */ = {
			isa = XCSwiftPackageProductDependency;
			package = 9F2FC1A12C7C59F900352336 /* XCRemoteSwiftPackageReference "firebase-ios-sdk" */;
			productName = FirebaseAnalyticsOnDeviceConversion;
		};
		9F2FC1A62C7C59F900352336 /* FirebaseAnalyticsWithoutAdIdSupport */ = {
			isa = XCSwiftPackageProductDependency;
			package = 9F2FC1A12C7C59F900352336 /* XCRemoteSwiftPackageReference "firebase-ios-sdk" */;
			productName = FirebaseAnalyticsWithoutAdIdSupport;
		};
		9F2FC1A82C7C59F900352336 /* FirebaseAppCheck */ = {
			isa = XCSwiftPackageProductDependency;
			package = 9F2FC1A12C7C59F900352336 /* XCRemoteSwiftPackageReference "firebase-ios-sdk" */;
			productName = FirebaseAppCheck;
		};
		9F2FC1AA2C7C59F900352336 /* FirebaseAppDistribution-Beta */ = {
			isa = XCSwiftPackageProductDependency;
			package = 9F2FC1A12C7C59F900352336 /* XCRemoteSwiftPackageReference "firebase-ios-sdk" */;
			productName = "FirebaseAppDistribution-Beta";
		};
		9F2FC1AC2C7C59F900352336 /* FirebaseAuth */ = {
			isa = XCSwiftPackageProductDependency;
			package = 9F2FC1A12C7C59F900352336 /* XCRemoteSwiftPackageReference "firebase-ios-sdk" */;
			productName = FirebaseAuth;
		};
		9F2FC1AE2C7C59F900352336 /* FirebaseAuthCombine-Community */ = {
			isa = XCSwiftPackageProductDependency;
			package = 9F2FC1A12C7C59F900352336 /* XCRemoteSwiftPackageReference "firebase-ios-sdk" */;
			productName = "FirebaseAuthCombine-Community";
		};
		9F2FC1B02C7C59F900352336 /* FirebaseCrashlytics */ = {
			isa = XCSwiftPackageProductDependency;
			package = 9F2FC1A12C7C59F900352336 /* XCRemoteSwiftPackageReference "firebase-ios-sdk" */;
			productName = FirebaseCrashlytics;
		};
		9F2FC1B22C7C59F900352336 /* FirebaseDatabase */ = {
			isa = XCSwiftPackageProductDependency;
			package = 9F2FC1A12C7C59F900352336 /* XCRemoteSwiftPackageReference "firebase-ios-sdk" */;
			productName = FirebaseDatabase;
		};
		9F2FC1B42C7C59F900352336 /* FirebaseDynamicLinks */ = {
			isa = XCSwiftPackageProductDependency;
			package = 9F2FC1A12C7C59F900352336 /* XCRemoteSwiftPackageReference "firebase-ios-sdk" */;
			productName = FirebaseDynamicLinks;
		};
		9F2FC1B62C7C59F900352336 /* FirebaseFirestore */ = {
			isa = XCSwiftPackageProductDependency;
			package = 9F2FC1A12C7C59F900352336 /* XCRemoteSwiftPackageReference "firebase-ios-sdk" */;
			productName = FirebaseFirestore;
		};
		9F2FC1B82C7C59F900352336 /* FirebaseFirestoreCombine-Community */ = {
			isa = XCSwiftPackageProductDependency;
			package = 9F2FC1A12C7C59F900352336 /* XCRemoteSwiftPackageReference "firebase-ios-sdk" */;
			productName = "FirebaseFirestoreCombine-Community";
		};
		9F2FC1BA2C7C59F900352336 /* FirebaseFunctions */ = {
			isa = XCSwiftPackageProductDependency;
			package = 9F2FC1A12C7C59F900352336 /* XCRemoteSwiftPackageReference "firebase-ios-sdk" */;
			productName = FirebaseFunctions;
		};
		9F2FC1BC2C7C59F900352336 /* FirebaseFunctionsCombine-Community */ = {
			isa = XCSwiftPackageProductDependency;
			package = 9F2FC1A12C7C59F900352336 /* XCRemoteSwiftPackageReference "firebase-ios-sdk" */;
			productName = "FirebaseFunctionsCombine-Community";
		};
		9F2FC1BE2C7C59F900352336 /* FirebaseInAppMessaging-Beta */ = {
			isa = XCSwiftPackageProductDependency;
			package = 9F2FC1A12C7C59F900352336 /* XCRemoteSwiftPackageReference "firebase-ios-sdk" */;
			productName = "FirebaseInAppMessaging-Beta";
		};
		9F2FC1C02C7C59F900352336 /* FirebaseInstallations */ = {
			isa = XCSwiftPackageProductDependency;
			package = 9F2FC1A12C7C59F900352336 /* XCRemoteSwiftPackageReference "firebase-ios-sdk" */;
			productName = FirebaseInstallations;
		};
		9F2FC1C22C7C59F900352336 /* FirebaseMLModelDownloader */ = {
			isa = XCSwiftPackageProductDependency;
			package = 9F2FC1A12C7C59F900352336 /* XCRemoteSwiftPackageReference "firebase-ios-sdk" */;
			productName = FirebaseMLModelDownloader;
		};
		9F2FC1C42C7C59F900352336 /* FirebaseMessaging */ = {
			isa = XCSwiftPackageProductDependency;
			package = 9F2FC1A12C7C59F900352336 /* XCRemoteSwiftPackageReference "firebase-ios-sdk" */;
			productName = FirebaseMessaging;
		};
		9F2FC1C62C7C59F900352336 /* FirebasePerformance */ = {
			isa = XCSwiftPackageProductDependency;
			package = 9F2FC1A12C7C59F900352336 /* XCRemoteSwiftPackageReference "firebase-ios-sdk" */;
			productName = FirebasePerformance;
		};
		9F2FC1C82C7C59F900352336 /* FirebaseRemoteConfig */ = {
			isa = XCSwiftPackageProductDependency;
			package = 9F2FC1A12C7C59F900352336 /* XCRemoteSwiftPackageReference "firebase-ios-sdk" */;
			productName = FirebaseRemoteConfig;
		};
		9F2FC1CA2C7C59F900352336 /* FirebaseStorage */ = {
			isa = XCSwiftPackageProductDependency;
			package = 9F2FC1A12C7C59F900352336 /* XCRemoteSwiftPackageReference "firebase-ios-sdk" */;
			productName = FirebaseStorage;
		};
		9F2FC1CC2C7C59F900352336 /* FirebaseStorageCombine-Community */ = {
			isa = XCSwiftPackageProductDependency;
			package = 9F2FC1A12C7C59F900352336 /* XCRemoteSwiftPackageReference "firebase-ios-sdk" */;
			productName = "FirebaseStorageCombine-Community";
		};
		9F2FC1CE2C7C59F900352336 /* FirebaseVertexAI-Preview */ = {
			isa = XCSwiftPackageProductDependency;
			package = 9F2FC1A12C7C59F900352336 /* XCRemoteSwiftPackageReference "firebase-ios-sdk" */;
			productName = "FirebaseVertexAI-Preview";
		};
/* End XCSwiftPackageProductDependency section */
	};
	rootObject = 9F790C252C79F65500FFE335 /* Project object */;
}
